
Microsoft Visual Studio Solution File, Format Version 12.00
# Visual Studio 15
VisualStudioVersion = 15.0.26430.15
MinimumVisualStudioVersion = 10.0.40219.1
Project("{FAE04EC0-301F-11D3-BF4B-00C04F79EFBC}") = "Concision", "Concision\Concision.csproj", "{D969A5CE-A502-4FB5-A03D-2C5D6A5F0F55}"
EndProject
Project("{FAE04EC0-301F-11D3-BF4B-00C04F79EFBC}") = "TestUnit", "TestUnit\TestUnit.csproj", "{A5121002-64C1-4950-B5F7-80FF5A8FEB75}"
EndProject
Global
	GlobalSection(Performance) = preSolution
		HasPerformanceSessions = true
	EndGlobalSection
	GlobalSection(SolutionConfigurationPlatforms) = preSolution
		Debug|Any CPU = Debug|Any CPU
		Release|Any CPU = Release|Any CPU
	EndGlobalSection
	GlobalSection(ProjectConfigurationPlatforms) = postSolution
		{D969A5CE-A502-4FB5-A03D-2C5D6A5F0F55}.Debug|Any CPU.ActiveCfg = Debug|Any CPU
		{D969A5CE-A502-4FB5-A03D-2C5D6A5F0F55}.Debug|Any CPU.Build.0 = Debug|Any CPU
		{D969A5CE-A502-4FB5-A03D-2C5D6A5F0F55}.Release|Any CPU.ActiveCfg = Release|Any CPU
		{D969A5CE-A502-4FB5-A03D-2C5D6A5F0F55}.Release|Any CPU.Build.0 = Release|Any CPU
		{A5121002-64C1-4950-B5F7-80FF5A8FEB75}.Debug|Any CPU.ActiveCfg = Debug|Any CPU
		{A5121002-64C1-4950-B5F7-80FF5A8FEB75}.Debug|Any CPU.Build.0 = Debug|Any CPU
		{A5121002-64C1-4950-B5F7-80FF5A8FEB75}.Release|Any CPU.ActiveCfg = Release|Any CPU
		{A5121002-64C1-4950-B5F7-80FF5A8FEB75}.Release|Any CPU.Build.0 = Release|Any CPU
	EndGlobalSection
	GlobalSection(SolutionProperties) = preSolution
		HideSolutionNode = FALSE
	EndGlobalSection
EndGlobal
